<Solution>
  <Folder Name="/src/">
    <Project Path="src/WslcGui.App/WslcGui.App.csproj" />
    <Project Path="src/WslcGui.Core/WslcGui.Core.csproj" />
    <Project Path="src/WslcGui.Engine.Abstractions/WslcGui.Engine.Abstractions.csproj" />
    <Project Path="src/WslcGui.Engine.Cli/WslcGui.Engine.Cli.csproj" />
  </Folder>
  <Folder Name="/tests/">
    <Project Path="tests/WslcGui.Core.Tests/WslcGui.Core.Tests.csproj" />
    <Project Path="tests/WslcGui.Engine.Cli.Tests/WslcGui.Engine.Cli.Tests.csproj" />
  </Folder>
</Solution>
